
Microsoft Visual Studio Solution File, Format Version 12.00
# Visual Studio 15
VisualStudioVersion = 15.0.28307.489
MinimumVisualStudioVersion = 10.0.40219.1
Project("{FAE04EC0-301F-11D3-BF4B-00C04F79EFBC}") = "CMSKuhalica", "CMSKuhalica\CMSKuhalica.csproj", "{4C3D8FA0-99E0-4813-B638-FD514C91108C}"
EndProject
Global
	GlobalSection(SolutionConfigurationPlatforms) = preSolution
		Debug|Any CPU = Debug|Any CPU
		Release|Any CPU = Release|Any CPU
	EndGlobalSection
	GlobalSection(ProjectConfigurationPlatforms) = postSolution
		{4C3D8FA0-99E0-4813-B638-FD514C91108C}.Debug|Any CPU.ActiveCfg = Debug|Any CPU
		{4C3D8FA0-99E0-4813-B638-FD514C91108C}.Debug|Any CPU.Build.0 = Debug|Any CPU
		{4C3D8FA0-99E0-4813-B638-FD514C91108C}.Release|Any CPU.ActiveCfg = Release|Any CPU
		{4C3D8FA0-99E0-4813-B638-FD514C91108C}.Release|Any CPU.Build.0 = Release|Any CPU
	EndGlobalSection
	GlobalSection(SolutionProperties) = preSolution
		HideSolutionNode = FALSE
	EndGlobalSection
	GlobalSection(ExtensibilityGlobals) = postSolution
		SolutionGuid = {E3A86413-B329-4875-B0DF-621C23E27BF3}
	EndGlobalSection
EndGlobal
